<Solution>
  <Project Path="exercicio10ao12/exercicio10ao12.csproj" Id="82a4597d-14b9-4fe6-be03-6095d40fdcc1" />
  <Project Path="exercicio6ao9/exercicio6ao9.csproj" Id="6df88e96-e3a9-4042-818f-f1c8b382e974" />
  <Project Path="Exercício2/Exercício2ao6.csproj" />
  <Project Path="TP3-C#/Exercício1.csproj" />
</Solution>
